
Microsoft Visual Studio Solution File, Format Version 12.00
Project("{FAE04EC0-301F-11D3-BF4B-00C04F79EFBC}") = "BookClassLibrary", "BookClassLibrary\BookClassLibrary.csproj", "{9FBC6B96-EFF0-4241-BC93-EBA491BBC3E9}"
EndProject
Project("{FAE04EC0-301F-11D3-BF4B-00C04F79EFBC}") = "Dataloader", "Dataloader\Dataloader.csproj", "{94875C71-3EF2-4203-AF03-B500088B9D75}"
EndProject
Project("{FAE04EC0-301F-11D3-BF4B-00C04F79EFBC}") = "LibrarianUI", "LibrarianUI\LibrarianUI.csproj", "{9EBF3FF6-F409-4B57-8F6A-78EFBCEE3B93}"
EndProject
Project("{FAE04EC0-301F-11D3-BF4B-00C04F79EFBC}") = "LibrarySystemApplication", "LibrarySystemApplication\LibrarySystemApplication.csproj", "{47D488DB-A637-4494-B4CF-06A2D3ED6592}"
EndProject
Project("{FAE04EC0-301F-11D3-BF4B-00C04F79EFBC}") = "SearchEgine-TFIDF", "SearchEgine-TFIDF\SearchEgine-TFIDF.csproj", "{1C039B50-C699-4716-BF45-11673A869FF0}"
EndProject
Project("{FAE04EC0-301F-11D3-BF4B-00C04F79EFBC}") = "UsersClassLibrary", "UsersClassLibrary\UsersClassLibrary.csproj", "{0FAADE24-D114-436B-A69E-72E5ECBBA6CA}"
EndProject
Global
	GlobalSection(SolutionConfigurationPlatforms) = preSolution
		Debug|Any CPU = Debug|Any CPU
		Release|Any CPU = Release|Any CPU
	EndGlobalSection
	GlobalSection(ProjectConfigurationPlatforms) = postSolution
		{9FBC6B96-EFF0-4241-BC93-EBA491BBC3E9}.Debug|Any CPU.ActiveCfg = Debug|Any CPU
		{9FBC6B96-EFF0-4241-BC93-EBA491BBC3E9}.Debug|Any CPU.Build.0 = Debug|Any CPU
		{9FBC6B96-EFF0-4241-BC93-EBA491BBC3E9}.Release|Any CPU.ActiveCfg = Release|Any CPU
		{9FBC6B96-EFF0-4241-BC93-EBA491BBC3E9}.Release|Any CPU.Build.0 = Release|Any CPU
		{94875C71-3EF2-4203-AF03-B500088B9D75}.Debug|Any CPU.ActiveCfg = Debug|Any CPU
		{94875C71-3EF2-4203-AF03-B500088B9D75}.Debug|Any CPU.Build.0 = Debug|Any CPU
		{94875C71-3EF2-4203-AF03-B500088B9D75}.Release|Any CPU.ActiveCfg = Release|Any CPU
		{94875C71-3EF2-4203-AF03-B500088B9D75}.Release|Any CPU.Build.0 = Release|Any CPU
		{9EBF3FF6-F409-4B57-8F6A-78EFBCEE3B93}.Debug|Any CPU.ActiveCfg = Debug|Any CPU
		{9EBF3FF6-F409-4B57-8F6A-78EFBCEE3B93}.Debug|Any CPU.Build.0 = Debug|Any CPU
		{9EBF3FF6-F409-4B57-8F6A-78EFBCEE3B93}.Release|Any CPU.ActiveCfg = Release|Any CPU
		{9EBF3FF6-F409-4B57-8F6A-78EFBCEE3B93}.Release|Any CPU.Build.0 = Release|Any CPU
		{47D488DB-A637-4494-B4CF-06A2D3ED6592}.Debug|Any CPU.ActiveCfg = Debug|Any CPU
		{47D488DB-A637-4494-B4CF-06A2D3ED6592}.Debug|Any CPU.Build.0 = Debug|Any CPU
		{47D488DB-A637-4494-B4CF-06A2D3ED6592}.Release|Any CPU.ActiveCfg = Release|Any CPU
		{47D488DB-A637-4494-B4CF-06A2D3ED6592}.Release|Any CPU.Build.0 = Release|Any CPU
		{1C039B50-C699-4716-BF45-11673A869FF0}.Debug|Any CPU.ActiveCfg = Debug|Any CPU
		{1C039B50-C699-4716-BF45-11673A869FF0}.Debug|Any CPU.Build.0 = Debug|Any CPU
		{1C039B50-C699-4716-BF45-11673A869FF0}.Release|Any CPU.ActiveCfg = Release|Any CPU
		{1C039B50-C699-4716-BF45-11673A869FF0}.Release|Any CPU.Build.0 = Release|Any CPU
		{0FAADE24-D114-436B-A69E-72E5ECBBA6CA}.Debug|Any CPU.ActiveCfg = Debug|Any CPU
		{0FAADE24-D114-436B-A69E-72E5ECBBA6CA}.Debug|Any CPU.Build.0 = Debug|Any CPU
		{0FAADE24-D114-436B-A69E-72E5ECBBA6CA}.Release|Any CPU.ActiveCfg = Release|Any CPU
		{0FAADE24-D114-436B-A69E-72E5ECBBA6CA}.Release|Any CPU.Build.0 = Release|Any CPU
	EndGlobalSection
EndGlobal
